
Microsoft Visual Studio Solution File, Format Version 12.00
# Visual Studio 2013
VisualStudioVersion = 12.0.30501.0
MinimumVisualStudioVersion = 10.0.40219.1
Project("{FAE04EC0-301F-11D3-BF4B-00C04F79EFBC}") = "MediaTumBrowser", "MediaTum1\MediaTumBrowser.csproj", "{0C053660-C711-4E45-B8AD-9280F14D16DB}"
EndProject
Project("{FAE04EC0-301F-11D3-BF4B-00C04F79EFBC}") = "Ksd", "Ksd\Ksd.csproj", "{A287423D-8F31-43E3-9A4F-B2CE4738D81C}"
EndProject
Global
	GlobalSection(SolutionConfigurationPlatforms) = preSolution
		Debug|Any CPU = Debug|Any CPU
		Release|Any CPU = Release|Any CPU
	EndGlobalSection
	GlobalSection(ProjectConfigurationPlatforms) = postSolution
		{0C053660-C711-4E45-B8AD-9280F14D16DB}.Debug|Any CPU.ActiveCfg = Debug|Any CPU
		{0C053660-C711-4E45-B8AD-9280F14D16DB}.Debug|Any CPU.Build.0 = Debug|Any CPU
		{0C053660-C711-4E45-B8AD-9280F14D16DB}.Release|Any CPU.ActiveCfg = Release|Any CPU
		{0C053660-C711-4E45-B8AD-9280F14D16DB}.Release|Any CPU.Build.0 = Release|Any CPU
		{A287423D-8F31-43E3-9A4F-B2CE4738D81C}.Debug|Any CPU.ActiveCfg = Debug|Any CPU
		{A287423D-8F31-43E3-9A4F-B2CE4738D81C}.Debug|Any CPU.Build.0 = Debug|Any CPU
		{A287423D-8F31-43E3-9A4F-B2CE4738D81C}.Release|Any CPU.ActiveCfg = Release|Any CPU
		{A287423D-8F31-43E3-9A4F-B2CE4738D81C}.Release|Any CPU.Build.0 = Release|Any CPU
	EndGlobalSection
	GlobalSection(SolutionProperties) = preSolution
		HideSolutionNode = FALSE
	EndGlobalSection
EndGlobal
